
Microsoft Visual Studio Solution File, Format Version 12.00
# Visual Studio Version 17
VisualStudioVersion = 17.9.34728.123
MinimumVisualStudioVersion = 10.0.40219.1
Project("{FAE04EC0-301F-11D3-BF4B-00C04F79EFBC}") = "CardGame", "CardGame\CardGame.csproj", "{EC63F462-DF54-4B65-9EEE-539127C1FB3F}"
EndProject
Project("{FAE04EC0-301F-11D3-BF4B-00C04F79EFBC}") = "GardGame.Test", "GardGame.Test\GardGame.Test.csproj", "{E6143258-1B12-47B1-BC78-71D6463BB99A}"
EndProject
Global
	GlobalSection(SolutionConfigurationPlatforms) = preSolution
		Debug|Any CPU = Debug|Any CPU
		Release|Any CPU = Release|Any CPU
	EndGlobalSection
	GlobalSection(ProjectConfigurationPlatforms) = postSolution
		{EC63F462-DF54-4B65-9EEE-539127C1FB3F}.Debug|Any CPU.ActiveCfg = Debug|Any CPU
		{EC63F462-DF54-4B65-9EEE-539127C1FB3F}.Debug|Any CPU.Build.0 = Debug|Any CPU
		{EC63F462-DF54-4B65-9EEE-539127C1FB3F}.Release|Any CPU.ActiveCfg = Release|Any CPU
		{EC63F462-DF54-4B65-9EEE-539127C1FB3F}.Release|Any CPU.Build.0 = Release|Any CPU
		{E6143258-1B12-47B1-BC78-71D6463BB99A}.Debug|Any CPU.ActiveCfg = Debug|Any CPU
		{E6143258-1B12-47B1-BC78-71D6463BB99A}.Debug|Any CPU.Build.0 = Debug|Any CPU
		{E6143258-1B12-47B1-BC78-71D6463BB99A}.Release|Any CPU.ActiveCfg = Release|Any CPU
		{E6143258-1B12-47B1-BC78-71D6463BB99A}.Release|Any CPU.Build.0 = Release|Any CPU
	EndGlobalSection
	GlobalSection(SolutionProperties) = preSolution
		HideSolutionNode = FALSE
	EndGlobalSection
	GlobalSection(ExtensibilityGlobals) = postSolution
		SolutionGuid = {566DFFD5-4800-4E38-8FBE-D47CF7894E4A}
	EndGlobalSection
EndGlobal
